
Microsoft Visual Studio Solution File, Format Version 12.00
# Visual Studio Version 17
VisualStudioVersion = 17.9.34728.123
MinimumVisualStudioVersion = 10.0.40219.1
Project("{FAE04EC0-301F-11D3-BF4B-00C04F79EFBC}") = "Kurul", "Kurul.csproj", "{134DB1B8-C952-42ED-A043-52CF32F9ED06}"
EndProject
Global
	GlobalSection(SolutionConfigurationPlatforms) = preSolution
		Debug|Any CPU = Debug|Any CPU
		Release|Any CPU = Release|Any CPU
	EndGlobalSection
	GlobalSection(ProjectConfigurationPlatforms) = postSolution
		{134DB1B8-C952-42ED-A043-52CF32F9ED06}.Debug|Any CPU.ActiveCfg = Debug|Any CPU
		{134DB1B8-C952-42ED-A043-52CF32F9ED06}.Debug|Any CPU.Build.0 = Debug|Any CPU
		{134DB1B8-C952-42ED-A043-52CF32F9ED06}.Release|Any CPU.ActiveCfg = Release|Any CPU
		{134DB1B8-C952-42ED-A043-52CF32F9ED06}.Release|Any CPU.Build.0 = Release|Any CPU
	EndGlobalSection
	GlobalSection(SolutionProperties) = preSolution
		HideSolutionNode = FALSE
	EndGlobalSection
	GlobalSection(ExtensibilityGlobals) = postSolution
		SolutionGuid = {5C34A74B-1887-48A2-B694-5961AFBFFD8D}
	EndGlobalSection
EndGlobal
